
Microsoft Visual Studio Solution File, Format Version 12.00
# Visual Studio Version 17
VisualStudioVersion = 17.5.001.0
MinimumVisualStudioVersion = 10.0.40219.1
Project("{9A19103F-16F7-4668-BE54-9A1E7A4F7556}") = "MauiApp1", "MauiApp1.csproj", "{ACA91E61-3D7F-49FA-8CFF-B6E83B4C9B78}"
EndProject
Global
	GlobalSection(SolutionConfigurationPlatforms) = preSolution
		Debug|Any CPU = Debug|Any CPU
		Release|Any CPU = Release|Any CPU
	EndGlobalSection
	GlobalSection(ProjectConfigurationPlatforms) = postSolution
		{ACA91E61-3D7F-49FA-8CFF-B6E83B4C9B78}.Debug|Any CPU.ActiveCfg = Debug|Any CPU
		{ACA91E61-3D7F-49FA-8CFF-B6E83B4C9B78}.Debug|Any CPU.Build.0 = Debug|Any CPU
		{ACA91E61-3D7F-49FA-8CFF-B6E83B4C9B78}.Release|Any CPU.ActiveCfg = Release|Any CPU
		{ACA91E61-3D7F-49FA-8CFF-B6E83B4C9B78}.Release|Any CPU.Build.0 = Release|Any CPU
	EndGlobalSection
	GlobalSection(SolutionProperties) = preSolution
		HideSolutionNode = FALSE
	EndGlobalSection
	GlobalSection(ExtensibilityGlobals) = postSolution
		SolutionGuid = {F055D08D-2C68-4041-BD22-3670C1944938}
	EndGlobalSection
EndGlobal
